
Microsoft Visual Studio Solution File, Format Version 12.00
# Visual Studio Version 17
VisualStudioVersion = 17.11.35303.130
MinimumVisualStudioVersion = 10.0.40219.1
Project("{9A19103F-16F7-4668-BE54-9A1E7A4F7556}") = "FlyNow.Infrastructure", "..\FlyNow.Infrastructure\FlyNow.Infrastructure.csproj", "{34583DD2-D005-4518-9840-5A35ADDFE6A5}"
EndProject
Project("{9A19103F-16F7-4668-BE54-9A1E7A4F7556}") = "FlyNow", "FlyNow.csproj", "{223775A3-1ED8-447F-84A3-378569FCBE73}"
EndProject
Project("{2150E333-8FDC-42A3-9474-1A3956D46DE8}") = "Solution Items", "Solution Items", "{8AA52D2D-3B7E-4C38-B645-6872E669E6A0}"
	ProjectSection(SolutionItems) = preProject
		..\.editorconfig = ..\.editorconfig
	EndProjectSection
EndProject
Global
	GlobalSection(SolutionConfigurationPlatforms) = preSolution
		Debug|Any CPU = Debug|Any CPU
		Release|Any CPU = Release|Any CPU
	EndGlobalSection
	GlobalSection(ProjectConfigurationPlatforms) = postSolution
		{34583DD2-D005-4518-9840-5A35ADDFE6A5}.Debug|Any CPU.ActiveCfg = Debug|Any CPU
		{34583DD2-D005-4518-9840-5A35ADDFE6A5}.Debug|Any CPU.Build.0 = Debug|Any CPU
		{34583DD2-D005-4518-9840-5A35ADDFE6A5}.Release|Any CPU.ActiveCfg = Release|Any CPU
		{34583DD2-D005-4518-9840-5A35ADDFE6A5}.Release|Any CPU.Build.0 = Release|Any CPU
		{223775A3-1ED8-447F-84A3-378569FCBE73}.Debug|Any CPU.ActiveCfg = Debug|Any CPU
		{223775A3-1ED8-447F-84A3-378569FCBE73}.Debug|Any CPU.Build.0 = Debug|Any CPU
		{223775A3-1ED8-447F-84A3-378569FCBE73}.Release|Any CPU.ActiveCfg = Release|Any CPU
		{223775A3-1ED8-447F-84A3-378569FCBE73}.Release|Any CPU.Build.0 = Release|Any CPU
	EndGlobalSection
	GlobalSection(SolutionProperties) = preSolution
		HideSolutionNode = FALSE
	EndGlobalSection
	GlobalSection(ExtensibilityGlobals) = postSolution
		SolutionGuid = {3666A9B8-8799-4232-9C0E-FEECC44BD128}
	EndGlobalSection
EndGlobal
